{
    "_readme": [
        "This file locks the dependencies of your project to a known state",
        "Read more about it at https://getcomposer.org/doc/01-basic-usage.md#installing-dependencies",
        "This file is @generated automatically"
    ],
    "content-hash": "909585e23dd5c2b2057e53ead2aff017",
    "packages": [
        {
            "name": "mervick/aes-everywhere",
            "version": "v1.1.3",
            "source": {
                "type": "git",
                "url": "https://github.com/mervick/aes-everywhere.git",
                "reference": "5b0078aa579b5f4775979ec9a1b8b3c8c2debdbc"
            },
            "dist": {
                "type": "zip",
                "url": "https://api.github.com/repos/mervick/aes-everywhere/zipball/5b0078aa579b5f4775979ec9a1b8b3c8c2debdbc",
                "reference": "5b0078aa579b5f4775979ec9a1b8b3c8c2debdbc",
                "shasum": ""
            },
            "require-dev": {
                "phpunit/phpunit": "^5"
            },
            "type": "library",
            "autoload": {
                "psr-4": {
                    "mervick\\aesEverywhere\\tests\\": "php//tests//",
                    "mervick\\aesEverywhere\\": "php//src//"
                }
            },
            "notification-url": "https://packagist.org/downloads/",
            "license": [
                "MIT"
            ],
            "authors": [
                {
                    "name": "Andrey Izman",
                    "email": "izmanw@gmail.com"
                }
            ],
            "description": "Aes Everywhere - Cross Language Encryption Library (AES/256/CBC/PKCS5)",
            "time": "2019-09-15T19:41:29+00:00"
        }
    ],
    "packages-dev": [],
    "aliases": [],
    "minimum-stability": "stable",
    "stability-flags": [],
    "prefer-stable": false,
    "prefer-lowest": false,
    "platform": [],
    "platform-dev": [],
    "plugin-api-version": "1.1.0"
}
